
Microsoft Visual Studio Solution File, Format Version 12.00
# Visual Studio Version 17
VisualStudioVersion = 17.9.34622.214
MinimumVisualStudioVersion = 10.0.40219.1
Project("{9A19103F-16F7-4668-BE54-9A1E7A4F7556}") = "Log", "Dirt\Log\Log.csproj", "{2AFA22F2-F623-4AC7-BCEA-92A1A1054B22}"
EndProject
Project("{9A19103F-16F7-4668-BE54-9A1E7A4F7556}") = "Sample", "Sample\Sample.csproj", "{1BD6611B-1AD7-435F-A78D-6206C9051151}"
EndProject
Project("{9A19103F-16F7-4668-BE54-9A1E7A4F7556}") = "Game", "Dirt\Game\Game.csproj", "{B5AEA440-AE2C-45D2-9C67-2ED2089E6BD1}"
EndProject
Project("{9A19103F-16F7-4668-BE54-9A1E7A4F7556}") = "Simulation", "Dirt\Simulation\Simulation.csproj", "{ACFC517A-3BA4-445E-8A77-CDDDAAAB6384}"
EndProject
Project("{9A19103F-16F7-4668-BE54-9A1E7A4F7556}") = "Network", "Dirt\Network\Network.csproj", "{80BCD18B-ACA8-4B19-821A-16AE7E7F4864}"
EndProject
Project("{2150E333-8FDC-42A3-9474-1A3956D46DE8}") = "Dirt", "Dirt", "{EC930101-CB00-4B75-BC21-D8871AB0AA8C}"
EndProject
Project("{9A19103F-16F7-4668-BE54-9A1E7A4F7556}") = "NetSerializer", "Externals\NetSerializer\NetSerializer.csproj", "{F3FF779F-B385-4713-8157-320AE82BE496}"
EndProject
Project("{2150E333-8FDC-42A3-9474-1A3956D46DE8}") = "Mud", "Mud", "{06FBC412-20CE-412F-BDAE-87D1191D02A4}"
EndProject
Project("{9A19103F-16F7-4668-BE54-9A1E7A4F7556}") = "Mud", "Mud\Mud\Mud.csproj", "{7C077E3B-BE7E-4A39-8A02-164D52467089}"
EndProject
Project("{9A19103F-16F7-4668-BE54-9A1E7A4F7556}") = "GamePlugin", "Dirt\GamePlugin\GamePlugin.csproj", "{9BC3D62A-0F49-4578-AD05-9F28E45869F0}"
EndProject
Project("{9A19103F-16F7-4668-BE54-9A1E7A4F7556}") = "Server", "Mud\Server\Server.csproj", "{53CE1781-1BD2-41D6-999E-59AE07D597E1}"
EndProject
Project("{FAE04EC0-301F-11D3-BF4B-00C04F79EFBC}") = "GameServer", "Dirt\GameServer\GameServer.csproj", "{5FE30950-9894-4B90-9A47-453314F94D98}"
EndProject
Project("{2150E333-8FDC-42A3-9474-1A3956D46DE8}") = "Unity", "Unity", "{322CD676-9378-4E41-A76E-1A22336A1831}"
EndProject
Project("{FAE04EC0-301F-11D3-BF4B-00C04F79EFBC}") = "Dirt.Unity.Network", "Unity\Dirt.Unity.Network\Dirt.Unity.Network.csproj", "{19C28A17-1E0F-4BED-8F6D-873F3D48B82D}"
EndProject
Project("{FAE04EC0-301F-11D3-BF4B-00C04F79EFBC}") = "Dirt.Unity", "Unity\Dirt.Unity\Dirt.Unity.csproj", "{E454D67A-E7BD-47F4-9810-EBFE185290C6}"
EndProject
Global
	GlobalSection(SolutionConfigurationPlatforms) = preSolution
		Debug|Any CPU = Debug|Any CPU
		Release|Any CPU = Release|Any CPU
	EndGlobalSection
	GlobalSection(ProjectConfigurationPlatforms) = postSolution
		{2AFA22F2-F623-4AC7-BCEA-92A1A1054B22}.Debug|Any CPU.ActiveCfg = Debug|Any CPU
		{2AFA22F2-F623-4AC7-BCEA-92A1A1054B22}.Debug|Any CPU.Build.0 = Debug|Any CPU
		{2AFA22F2-F623-4AC7-BCEA-92A1A1054B22}.Release|Any CPU.ActiveCfg = Release|Any CPU
		{2AFA22F2-F623-4AC7-BCEA-92A1A1054B22}.Release|Any CPU.Build.0 = Release|Any CPU
		{1BD6611B-1AD7-435F-A78D-6206C9051151}.Debug|Any CPU.ActiveCfg = Debug|Any CPU
		{1BD6611B-1AD7-435F-A78D-6206C9051151}.Debug|Any CPU.Build.0 = Debug|Any CPU
		{1BD6611B-1AD7-435F-A78D-6206C9051151}.Release|Any CPU.ActiveCfg = Release|Any CPU
		{1BD6611B-1AD7-435F-A78D-6206C9051151}.Release|Any CPU.Build.0 = Release|Any CPU
		{B5AEA440-AE2C-45D2-9C67-2ED2089E6BD1}.Debug|Any CPU.ActiveCfg = Debug|Any CPU
		{B5AEA440-AE2C-45D2-9C67-2ED2089E6BD1}.Debug|Any CPU.Build.0 = Debug|Any CPU
		{B5AEA440-AE2C-45D2-9C67-2ED2089E6BD1}.Release|Any CPU.ActiveCfg = Release|Any CPU
		{B5AEA440-AE2C-45D2-9C67-2ED2089E6BD1}.Release|Any CPU.Build.0 = Release|Any CPU
		{ACFC517A-3BA4-445E-8A77-CDDDAAAB6384}.Debug|Any CPU.ActiveCfg = Debug|Any CPU
		{ACFC517A-3BA4-445E-8A77-CDDDAAAB6384}.Debug|Any CPU.Build.0 = Debug|Any CPU
		{ACFC517A-3BA4-445E-8A77-CDDDAAAB6384}.Release|Any CPU.ActiveCfg = Release|Any CPU
		{ACFC517A-3BA4-445E-8A77-CDDDAAAB6384}.Release|Any CPU.Build.0 = Release|Any CPU
		{80BCD18B-ACA8-4B19-821A-16AE7E7F4864}.Debug|Any CPU.ActiveCfg = Debug|Any CPU
		{80BCD18B-ACA8-4B19-821A-16AE7E7F4864}.Debug|Any CPU.Build.0 = Debug|Any CPU
		{80BCD18B-ACA8-4B19-821A-16AE7E7F4864}.Release|Any CPU.ActiveCfg = Release|Any CPU
		{80BCD18B-ACA8-4B19-821A-16AE7E7F4864}.Release|Any CPU.Build.0 = Release|Any CPU
		{F3FF779F-B385-4713-8157-320AE82BE496}.Debug|Any CPU.ActiveCfg = Debug|Any CPU
		{F3FF779F-B385-4713-8157-320AE82BE496}.Debug|Any CPU.Build.0 = Debug|Any CPU
		{F3FF779F-B385-4713-8157-320AE82BE496}.Release|Any CPU.ActiveCfg = Release|Any CPU
		{F3FF779F-B385-4713-8157-320AE82BE496}.Release|Any CPU.Build.0 = Release|Any CPU
		{7C077E3B-BE7E-4A39-8A02-164D52467089}.Debug|Any CPU.ActiveCfg = Debug|Any CPU
		{7C077E3B-BE7E-4A39-8A02-164D52467089}.Debug|Any CPU.Build.0 = Debug|Any CPU
		{7C077E3B-BE7E-4A39-8A02-164D52467089}.Release|Any CPU.ActiveCfg = Release|Any CPU
		{7C077E3B-BE7E-4A39-8A02-164D52467089}.Release|Any CPU.Build.0 = Release|Any CPU
		{9BC3D62A-0F49-4578-AD05-9F28E45869F0}.Debug|Any CPU.ActiveCfg = Debug|Any CPU
		{9BC3D62A-0F49-4578-AD05-9F28E45869F0}.Debug|Any CPU.Build.0 = Debug|Any CPU
		{9BC3D62A-0F49-4578-AD05-9F28E45869F0}.Release|Any CPU.ActiveCfg = Release|Any CPU
		{9BC3D62A-0F49-4578-AD05-9F28E45869F0}.Release|Any CPU.Build.0 = Release|Any CPU
		{53CE1781-1BD2-41D6-999E-59AE07D597E1}.Debug|Any CPU.ActiveCfg = Debug|Any CPU
		{53CE1781-1BD2-41D6-999E-59AE07D597E1}.Debug|Any CPU.Build.0 = Debug|Any CPU
		{53CE1781-1BD2-41D6-999E-59AE07D597E1}.Release|Any CPU.ActiveCfg = Release|Any CPU
		{53CE1781-1BD2-41D6-999E-59AE07D597E1}.Release|Any CPU.Build.0 = Release|Any CPU
		{5FE30950-9894-4B90-9A47-453314F94D98}.Debug|Any CPU.ActiveCfg = Debug|Any CPU
		{5FE30950-9894-4B90-9A47-453314F94D98}.Debug|Any CPU.Build.0 = Debug|Any CPU
		{5FE30950-9894-4B90-9A47-453314F94D98}.Release|Any CPU.ActiveCfg = Release|Any CPU
		{5FE30950-9894-4B90-9A47-453314F94D98}.Release|Any CPU.Build.0 = Release|Any CPU
		{19C28A17-1E0F-4BED-8F6D-873F3D48B82D}.Debug|Any CPU.ActiveCfg = Debug|Any CPU
		{19C28A17-1E0F-4BED-8F6D-873F3D48B82D}.Debug|Any CPU.Build.0 = Debug|Any CPU
		{19C28A17-1E0F-4BED-8F6D-873F3D48B82D}.Release|Any CPU.ActiveCfg = Release|Any CPU
		{19C28A17-1E0F-4BED-8F6D-873F3D48B82D}.Release|Any CPU.Build.0 = Release|Any CPU
		{E454D67A-E7BD-47F4-9810-EBFE185290C6}.Debug|Any CPU.ActiveCfg = Debug|Any CPU
		{E454D67A-E7BD-47F4-9810-EBFE185290C6}.Debug|Any CPU.Build.0 = Debug|Any CPU
		{E454D67A-E7BD-47F4-9810-EBFE185290C6}.Release|Any CPU.ActiveCfg = Release|Any CPU
		{E454D67A-E7BD-47F4-9810-EBFE185290C6}.Release|Any CPU.Build.0 = Release|Any CPU
	EndGlobalSection
	GlobalSection(SolutionProperties) = preSolution
		HideSolutionNode = FALSE
	EndGlobalSection
	GlobalSection(NestedProjects) = preSolution
		{2AFA22F2-F623-4AC7-BCEA-92A1A1054B22} = {EC930101-CB00-4B75-BC21-D8871AB0AA8C}
		{B5AEA440-AE2C-45D2-9C67-2ED2089E6BD1} = {EC930101-CB00-4B75-BC21-D8871AB0AA8C}
		{ACFC517A-3BA4-445E-8A77-CDDDAAAB6384} = {EC930101-CB00-4B75-BC21-D8871AB0AA8C}
		{80BCD18B-ACA8-4B19-821A-16AE7E7F4864} = {EC930101-CB00-4B75-BC21-D8871AB0AA8C}
		{F3FF779F-B385-4713-8157-320AE82BE496} = {06FBC412-20CE-412F-BDAE-87D1191D02A4}
		{7C077E3B-BE7E-4A39-8A02-164D52467089} = {06FBC412-20CE-412F-BDAE-87D1191D02A4}
		{9BC3D62A-0F49-4578-AD05-9F28E45869F0} = {EC930101-CB00-4B75-BC21-D8871AB0AA8C}
		{53CE1781-1BD2-41D6-999E-59AE07D597E1} = {06FBC412-20CE-412F-BDAE-87D1191D02A4}
		{5FE30950-9894-4B90-9A47-453314F94D98} = {EC930101-CB00-4B75-BC21-D8871AB0AA8C}
		{19C28A17-1E0F-4BED-8F6D-873F3D48B82D} = {322CD676-9378-4E41-A76E-1A22336A1831}
		{E454D67A-E7BD-47F4-9810-EBFE185290C6} = {322CD676-9378-4E41-A76E-1A22336A1831}
	EndGlobalSection
	GlobalSection(ExtensibilityGlobals) = postSolution
		SolutionGuid = {6177B3F3-43CE-4EEC-B594-7F2B2BD7E107}
	EndGlobalSection
EndGlobal
