
Microsoft Visual Studio Solution File, Format Version 12.00
# Visual Studio Version 16
VisualStudioVersion = 16.0.29806.167
MinimumVisualStudioVersion = 10.0.40219.1
Project("{9A19103F-16F7-4668-BE54-9A1E7A4F7556}") = "Mud.ServerInstance", "Mud\MudServerInstance\Mud.ServerInstance.csproj", "{6E04184E-DB2F-4E99-9C04-FABF943D8AA2}"
EndProject
Project("{FAE04EC0-301F-11D3-BF4B-00C04F79EFBC}") = "Mud.Server", "Mud\MudServer\Mud.Server.csproj", "{00F2B1A4-F3BE-4B97-8D09-7BB615070A07}"
EndProject
Project("{2150E333-8FDC-42A3-9474-1A3956D46DE8}") = "Network", "Network", "{A29F5952-A507-47AC-A71D-8756098DA909}"
EndProject
Project("{2150E333-8FDC-42A3-9474-1A3956D46DE8}") = "Samples", "Samples", "{C1798925-17CD-4443-AF2E-98FD6162781F}"
EndProject
Project("{2150E333-8FDC-42A3-9474-1A3956D46DE8}") = "Framework", "Framework", "{A312E4C4-7EDE-4B2B-BC93-F8864CF83289}"
EndProject
Project("{FAE04EC0-301F-11D3-BF4B-00C04F79EFBC}") = "Dirt.Log", "Dirt\Log\Dirt.Log.csproj", "{2D2BB064-885C-45A5-AA6C-FFCE1747477D}"
EndProject
Project("{FAE04EC0-301F-11D3-BF4B-00C04F79EFBC}") = "Dirt.Simulation", "Dirt\Simulation\Dirt.Simulation.csproj", "{E77CDCA4-FA31-4EDC-B875-77A7FA2A5FA3}"
EndProject
Project("{2150E333-8FDC-42A3-9474-1A3956D46DE8}") = "Tests", "Tests", "{98031CD5-8E20-4523-97D0-74A6D9FCD9C1}"
EndProject
Project("{FAE04EC0-301F-11D3-BF4B-00C04F79EFBC}") = "Dirt.Game", "Dirt\Game\Dirt.Game.csproj", "{60343DB1-E6B8-44F9-B387-D4CBE088FE37}"
EndProject
Project("{FAE04EC0-301F-11D3-BF4B-00C04F79EFBC}") = "Dirt.Tests", "Dirt\Tests\Dirt.Tests.csproj", "{A86F561E-1AD5-4A78-B213-6F9A580FCA39}"
EndProject
Project("{FAE04EC0-301F-11D3-BF4B-00C04F79EFBC}") = "Dirt.GameServer", "Dirt\GameServer\Dirt.GameServer.csproj", "{458CC2F9-FC0E-4126-B30A-FAA8AAEDC926}"
EndProject
Project("{FAE04EC0-301F-11D3-BF4B-00C04F79EFBC}") = "Dirt.Network", "Dirt\Network\Dirt.Network.csproj", "{F727213E-BDEC-483A-B9C9-CFEFEF584463}"
EndProject
Project("{FAE04EC0-301F-11D3-BF4B-00C04F79EFBC}") = "NetSerializer", "Mud\NetSerializer\NetSerializer.csproj", "{EDB160E4-1D9A-4478-85D7-97759123402F}"
EndProject
Project("{2150E333-8FDC-42A3-9474-1A3956D46DE8}") = "Applications", "Applications", "{9BFCAABC-4720-408A-A982-1B930E951594}"
EndProject
Project("{FAE04EC0-301F-11D3-BF4B-00C04F79EFBC}") = "Dirt.ServerApplication", "Dirt\ServerApplication\Dirt.ServerApplication.csproj", "{2B0F5AB7-2FA4-4E3E-9157-247C24830F00}"
EndProject
Project("{2150E333-8FDC-42A3-9474-1A3956D46DE8}") = "Unity", "Unity", "{791FB142-B3F9-4E0F-B5EA-70633E0B8492}"
EndProject
Project("{FAE04EC0-301F-11D3-BF4B-00C04F79EFBC}") = "Dirt.Unity.Logger", "Unity\Logger\Dirt.Unity.Logger.csproj", "{E5F6E6FC-47CC-4BAC-932D-E1A13AEA606C}"
EndProject
Project("{FAE04EC0-301F-11D3-BF4B-00C04F79EFBC}") = "Mud", "Mud\Mud\Mud.csproj", "{36B3FDB3-9B80-4546-AC7A-6DBA68E7CFF3}"
EndProject
Project("{FAE04EC0-301F-11D3-BF4B-00C04F79EFBC}") = "Mud.Tests", "Mud\Tests\Mud.Tests.csproj", "{1CD767F7-51AA-4B8B-B9F1-D6883A7AA85A}"
EndProject
Project("{FAE04EC0-301F-11D3-BF4B-00C04F79EFBC}") = "BulletSharpManaged", "Bullet\BulletSharpManaged\BulletSharpManaged.csproj", "{7D89006B-5468-438D-96AF-80E41098EA38}"
EndProject
Project("{2150E333-8FDC-42A3-9474-1A3956D46DE8}") = "Physic", "Physic", "{C7A0F1CA-7931-4A2D-9F2A-E0EE417DDE3E}"
EndProject
Global
	GlobalSection(SolutionConfigurationPlatforms) = preSolution
		Debug|Any CPU = Debug|Any CPU
		Release|Any CPU = Release|Any CPU
	EndGlobalSection
	GlobalSection(ProjectConfigurationPlatforms) = postSolution
		{6E04184E-DB2F-4E99-9C04-FABF943D8AA2}.Debug|Any CPU.ActiveCfg = Debug|Any CPU
		{6E04184E-DB2F-4E99-9C04-FABF943D8AA2}.Debug|Any CPU.Build.0 = Debug|Any CPU
		{6E04184E-DB2F-4E99-9C04-FABF943D8AA2}.Release|Any CPU.ActiveCfg = Release|Any CPU
		{6E04184E-DB2F-4E99-9C04-FABF943D8AA2}.Release|Any CPU.Build.0 = Release|Any CPU
		{00F2B1A4-F3BE-4B97-8D09-7BB615070A07}.Debug|Any CPU.ActiveCfg = Debug|Any CPU
		{00F2B1A4-F3BE-4B97-8D09-7BB615070A07}.Debug|Any CPU.Build.0 = Debug|Any CPU
		{00F2B1A4-F3BE-4B97-8D09-7BB615070A07}.Release|Any CPU.ActiveCfg = Release|Any CPU
		{00F2B1A4-F3BE-4B97-8D09-7BB615070A07}.Release|Any CPU.Build.0 = Release|Any CPU
		{2D2BB064-885C-45A5-AA6C-FFCE1747477D}.Debug|Any CPU.ActiveCfg = Debug|Any CPU
		{2D2BB064-885C-45A5-AA6C-FFCE1747477D}.Debug|Any CPU.Build.0 = Debug|Any CPU
		{2D2BB064-885C-45A5-AA6C-FFCE1747477D}.Release|Any CPU.ActiveCfg = Release|Any CPU
		{2D2BB064-885C-45A5-AA6C-FFCE1747477D}.Release|Any CPU.Build.0 = Release|Any CPU
		{E77CDCA4-FA31-4EDC-B875-77A7FA2A5FA3}.Debug|Any CPU.ActiveCfg = Debug|Any CPU
		{E77CDCA4-FA31-4EDC-B875-77A7FA2A5FA3}.Debug|Any CPU.Build.0 = Debug|Any CPU
		{E77CDCA4-FA31-4EDC-B875-77A7FA2A5FA3}.Release|Any CPU.ActiveCfg = Release|Any CPU
		{E77CDCA4-FA31-4EDC-B875-77A7FA2A5FA3}.Release|Any CPU.Build.0 = Release|Any CPU
		{60343DB1-E6B8-44F9-B387-D4CBE088FE37}.Debug|Any CPU.ActiveCfg = Debug|Any CPU
		{60343DB1-E6B8-44F9-B387-D4CBE088FE37}.Debug|Any CPU.Build.0 = Debug|Any CPU
		{60343DB1-E6B8-44F9-B387-D4CBE088FE37}.Release|Any CPU.ActiveCfg = Release|Any CPU
		{60343DB1-E6B8-44F9-B387-D4CBE088FE37}.Release|Any CPU.Build.0 = Release|Any CPU
		{A86F561E-1AD5-4A78-B213-6F9A580FCA39}.Debug|Any CPU.ActiveCfg = Debug|Any CPU
		{A86F561E-1AD5-4A78-B213-6F9A580FCA39}.Debug|Any CPU.Build.0 = Debug|Any CPU
		{A86F561E-1AD5-4A78-B213-6F9A580FCA39}.Release|Any CPU.ActiveCfg = Release|Any CPU
		{A86F561E-1AD5-4A78-B213-6F9A580FCA39}.Release|Any CPU.Build.0 = Release|Any CPU
		{458CC2F9-FC0E-4126-B30A-FAA8AAEDC926}.Debug|Any CPU.ActiveCfg = Debug|Any CPU
		{458CC2F9-FC0E-4126-B30A-FAA8AAEDC926}.Debug|Any CPU.Build.0 = Debug|Any CPU
		{458CC2F9-FC0E-4126-B30A-FAA8AAEDC926}.Release|Any CPU.ActiveCfg = Release|Any CPU
		{458CC2F9-FC0E-4126-B30A-FAA8AAEDC926}.Release|Any CPU.Build.0 = Release|Any CPU
		{F727213E-BDEC-483A-B9C9-CFEFEF584463}.Debug|Any CPU.ActiveCfg = Debug|Any CPU
		{F727213E-BDEC-483A-B9C9-CFEFEF584463}.Debug|Any CPU.Build.0 = Debug|Any CPU
		{F727213E-BDEC-483A-B9C9-CFEFEF584463}.Release|Any CPU.ActiveCfg = Release|Any CPU
		{F727213E-BDEC-483A-B9C9-CFEFEF584463}.Release|Any CPU.Build.0 = Release|Any CPU
		{EDB160E4-1D9A-4478-85D7-97759123402F}.Debug|Any CPU.ActiveCfg = Debug|Any CPU
		{EDB160E4-1D9A-4478-85D7-97759123402F}.Debug|Any CPU.Build.0 = Debug|Any CPU
		{EDB160E4-1D9A-4478-85D7-97759123402F}.Release|Any CPU.ActiveCfg = Release|Any CPU
		{EDB160E4-1D9A-4478-85D7-97759123402F}.Release|Any CPU.Build.0 = Release|Any CPU
		{2B0F5AB7-2FA4-4E3E-9157-247C24830F00}.Debug|Any CPU.ActiveCfg = Debug|Any CPU
		{2B0F5AB7-2FA4-4E3E-9157-247C24830F00}.Debug|Any CPU.Build.0 = Debug|Any CPU
		{2B0F5AB7-2FA4-4E3E-9157-247C24830F00}.Release|Any CPU.ActiveCfg = Release|Any CPU
		{2B0F5AB7-2FA4-4E3E-9157-247C24830F00}.Release|Any CPU.Build.0 = Release|Any CPU
		{E5F6E6FC-47CC-4BAC-932D-E1A13AEA606C}.Debug|Any CPU.ActiveCfg = Debug|Any CPU
		{E5F6E6FC-47CC-4BAC-932D-E1A13AEA606C}.Debug|Any CPU.Build.0 = Debug|Any CPU
		{E5F6E6FC-47CC-4BAC-932D-E1A13AEA606C}.Release|Any CPU.ActiveCfg = Release|Any CPU
		{E5F6E6FC-47CC-4BAC-932D-E1A13AEA606C}.Release|Any CPU.Build.0 = Release|Any CPU
		{36B3FDB3-9B80-4546-AC7A-6DBA68E7CFF3}.Debug|Any CPU.ActiveCfg = Debug|Any CPU
		{36B3FDB3-9B80-4546-AC7A-6DBA68E7CFF3}.Debug|Any CPU.Build.0 = Debug|Any CPU
		{36B3FDB3-9B80-4546-AC7A-6DBA68E7CFF3}.Release|Any CPU.ActiveCfg = Release|Any CPU
		{36B3FDB3-9B80-4546-AC7A-6DBA68E7CFF3}.Release|Any CPU.Build.0 = Release|Any CPU
		{1CD767F7-51AA-4B8B-B9F1-D6883A7AA85A}.Debug|Any CPU.ActiveCfg = Debug|Any CPU
		{1CD767F7-51AA-4B8B-B9F1-D6883A7AA85A}.Debug|Any CPU.Build.0 = Debug|Any CPU
		{1CD767F7-51AA-4B8B-B9F1-D6883A7AA85A}.Release|Any CPU.ActiveCfg = Release|Any CPU
		{1CD767F7-51AA-4B8B-B9F1-D6883A7AA85A}.Release|Any CPU.Build.0 = Release|Any CPU
		{7D89006B-5468-438D-96AF-80E41098EA38}.Debug|Any CPU.ActiveCfg = Debug|Any CPU
		{7D89006B-5468-438D-96AF-80E41098EA38}.Debug|Any CPU.Build.0 = Debug|Any CPU
		{7D89006B-5468-438D-96AF-80E41098EA38}.Release|Any CPU.ActiveCfg = Release|Any CPU
		{7D89006B-5468-438D-96AF-80E41098EA38}.Release|Any CPU.Build.0 = Release|Any CPU
	EndGlobalSection
	GlobalSection(SolutionProperties) = preSolution
		HideSolutionNode = FALSE
	EndGlobalSection
	GlobalSection(NestedProjects) = preSolution
		{6E04184E-DB2F-4E99-9C04-FABF943D8AA2} = {C1798925-17CD-4443-AF2E-98FD6162781F}
		{00F2B1A4-F3BE-4B97-8D09-7BB615070A07} = {A29F5952-A507-47AC-A71D-8756098DA909}
		{2D2BB064-885C-45A5-AA6C-FFCE1747477D} = {A312E4C4-7EDE-4B2B-BC93-F8864CF83289}
		{E77CDCA4-FA31-4EDC-B875-77A7FA2A5FA3} = {A312E4C4-7EDE-4B2B-BC93-F8864CF83289}
		{60343DB1-E6B8-44F9-B387-D4CBE088FE37} = {A312E4C4-7EDE-4B2B-BC93-F8864CF83289}
		{A86F561E-1AD5-4A78-B213-6F9A580FCA39} = {98031CD5-8E20-4523-97D0-74A6D9FCD9C1}
		{458CC2F9-FC0E-4126-B30A-FAA8AAEDC926} = {A312E4C4-7EDE-4B2B-BC93-F8864CF83289}
		{F727213E-BDEC-483A-B9C9-CFEFEF584463} = {A312E4C4-7EDE-4B2B-BC93-F8864CF83289}
		{EDB160E4-1D9A-4478-85D7-97759123402F} = {A29F5952-A507-47AC-A71D-8756098DA909}
		{2B0F5AB7-2FA4-4E3E-9157-247C24830F00} = {9BFCAABC-4720-408A-A982-1B930E951594}
		{E5F6E6FC-47CC-4BAC-932D-E1A13AEA606C} = {791FB142-B3F9-4E0F-B5EA-70633E0B8492}
		{36B3FDB3-9B80-4546-AC7A-6DBA68E7CFF3} = {A29F5952-A507-47AC-A71D-8756098DA909}
		{1CD767F7-51AA-4B8B-B9F1-D6883A7AA85A} = {98031CD5-8E20-4523-97D0-74A6D9FCD9C1}
		{7D89006B-5468-438D-96AF-80E41098EA38} = {C7A0F1CA-7931-4A2D-9F2A-E0EE417DDE3E}
	EndGlobalSection
	GlobalSection(ExtensibilityGlobals) = postSolution
		SolutionGuid = {C1205B1D-41B4-4060-84F6-BB9C3D374C0F}
	EndGlobalSection
EndGlobal
